
Microsoft Visual Studio Solution File, Format Version 11.00
# Visual Web Developer Express 2010
Project("{FAE04EC0-301F-11D3-BF4B-00C04F79EFBC}") = "MvcBug", "MvcBug\MvcBug.csproj", "{3B94CEF1-4BEA-4987-8CAA-282B078D4F79}"
EndProject
Global
	GlobalSection(SolutionConfigurationPlatforms) = preSolution
		Debug|Any CPU = Debug|Any CPU
		Release|Any CPU = Release|Any CPU
	EndGlobalSection
	GlobalSection(ProjectConfigurationPlatforms) = postSolution
		{3B94CEF1-4BEA-4987-8CAA-282B078D4F79}.Debug|Any CPU.ActiveCfg = Debug|Any CPU
		{3B94CEF1-4BEA-4987-8CAA-282B078D4F79}.Debug|Any CPU.Build.0 = Debug|Any CPU
		{3B94CEF1-4BEA-4987-8CAA-282B078D4F79}.Release|Any CPU.ActiveCfg = Release|Any CPU
		{3B94CEF1-4BEA-4987-8CAA-282B078D4F79}.Release|Any CPU.Build.0 = Release|Any CPU
	EndGlobalSection
	GlobalSection(SolutionProperties) = preSolution
		HideSolutionNode = FALSE
	EndGlobalSection
EndGlobal
